
Microsoft Visual Studio Solution File, Format Version 12.00
# Visual Studio Version 16
VisualStudioVersion = 16.0.31729.503
MinimumVisualStudioVersion = 10.0.40219.1
Project("{8BC9CEB8-8B4A-11D0-8D11-00A0C91BC942}") = "MKE", "MKE\MKE.vcxproj", "{7B365DD6-AAE5-456B-9E41-A71D5741BE5F}"
EndProject
Global
	GlobalSection(SolutionConfigurationPlatforms) = preSolution
		Debug|x64 = Debug|x64
		Debug|x86 = Debug|x86
		Release|x64 = Release|x64
		Release|x86 = Release|x86
	EndGlobalSection
	GlobalSection(ProjectConfigurationPlatforms) = postSolution
		{7B365DD6-AAE5-456B-9E41-A71D5741BE5F}.Debug|x64.ActiveCfg = Debug|x64
		{7B365DD6-AAE5-456B-9E41-A71D5741BE5F}.Debug|x64.Build.0 = Debug|x64
		{7B365DD6-AAE5-456B-9E41-A71D5741BE5F}.Debug|x86.ActiveCfg = Debug|Win32
		{7B365DD6-AAE5-456B-9E41-A71D5741BE5F}.Debug|x86.Build.0 = Debug|Win32
		{7B365DD6-AAE5-456B-9E41-A71D5741BE5F}.Release|x64.ActiveCfg = Release|x64
		{7B365DD6-AAE5-456B-9E41-A71D5741BE5F}.Release|x64.Build.0 = Release|x64
		{7B365DD6-AAE5-456B-9E41-A71D5741BE5F}.Release|x86.ActiveCfg = Release|Win32
		{7B365DD6-AAE5-456B-9E41-A71D5741BE5F}.Release|x86.Build.0 = Release|Win32
	EndGlobalSection
	GlobalSection(SolutionProperties) = preSolution
		HideSolutionNode = FALSE
	EndGlobalSection
	GlobalSection(ExtensibilityGlobals) = postSolution
		SolutionGuid = {5A30EF17-DB6E-45F0-A335-AF51EA0871CB}
	EndGlobalSection
EndGlobal
